{
  "name": "stopwatch",
  "version": "0.0.0",
  "lockfileVersion": 1,
  "dependencies": {
    "minutes-seconds-milliseconds": {
      "version": "1.0.3",
      "resolved": "https://registry.npmjs.org/minutes-seconds-milliseconds/-/minutes-seconds-milliseconds-1.0.3.tgz",
      "integrity": "sha1-j33Cg60V369Rd+P8G0J58wVquAA="
    }
  }
}
